// !$*UTF8*$!
{
	archiveVersion = 1;
	classes = {
	};
	objectVersion = 54;
	objects = {

/* Begin PBXBuildFile section */
		00E356F31AD99517003FC87E /* ReactNativeIntegrationTests.m in Sources */ = {isa = PBXBuildFile; fileRef = 00E356F21AD99517003FC87E /* ReactNativeIntegrationTests.m */; };
		13B07FBC1A68108700A75B9A /* AppDelegate.m in Sources */ = {isa = PBXBuildFile; fileRef = 13B07FB01A68108700A75B9A /* AppDelegate.m */; };
		13B07FBF1A68108700A75B9A /* Images.xcassets in Resources */ = {isa = PBXBuildFile; fileRef = 13B07FB51A68108700A75B9A /* Images.xcassets */; };
		13B07FC11A68108700A75B9A /* main.m in Sources */ = {isa = PBXBuildFile; fileRef = 13B07FB71A68108700A75B9A /* main.m */; };
		3FCA56CEE1CE3015D8D233FF /* libPods-ReactNativeIntegration-NotificationContentDemo.a in Frameworks */ = {isa = PBXBuildFile; fileRef = 4F0805C4A172230C55A62523 /* libPods-ReactNativeIntegration-NotificationContentDemo.a */; };
		4E0D791C2AE16E6A002F7CA3 /* CTNotificationService in Frameworks */ = {isa = PBXBuildFile; productRef = 4E0D791B2AE16E6A002F7CA3 /* CTNotificationService */; };
		4E54906B2A867F6E00E59229 /* NotificationService.swift in Sources */ = {isa = PBXBuildFile; fileRef = 4E54906A2A867F6E00E59229 /* NotificationService.swift */; };
		4E54906F2A867F6E00E59229 /* NotificationService.appex in Embed Foundation Extensions */ = {isa = PBXBuildFile; fileRef = 4E5490682A867F6E00E59229 /* NotificationService.appex */; settings = {ATTRIBUTES = (RemoveHeadersOnCopy, ); }; };
		4E58BEDC2CB658640041189E /* main.jsbundle in Resources */ = {isa = PBXBuildFile; fileRef = 4E58BEDB2CB658640041189E /* main.jsbundle */; };
		4E58BEDD2CB6599E0041189E /* main.jsbundle in Resources */ = {isa = PBXBuildFile; fileRef = 4E58BEDB2CB658640041189E /* main.jsbundle */; };
		4E58BEDE2CB659A60041189E /* main.jsbundle in Resources */ = {isa = PBXBuildFile; fileRef = 4E58BEDB2CB658640041189E /* main.jsbundle */; };
		4E5CDC522A658C68008C51DC /* UserNotifications.framework in Frameworks */ = {isa = PBXBuildFile; fileRef = 4E5CDC512A658C68008C51DC /* UserNotifications.framework */; };
		4E5CDC542A658C68008C51DC /* UserNotificationsUI.framework in Frameworks */ = {isa = PBXBuildFile; fileRef = 4E5CDC532A658C68008C51DC /* UserNotificationsUI.framework */; };
		4E5CDC582A658C69008C51DC /* NotificationViewController.m in Sources */ = {isa = PBXBuildFile; fileRef = 4E5CDC572A658C69008C51DC /* NotificationViewController.m */; };
		4E5CDC5B2A658C69008C51DC /* MainInterface.storyboard in Resources */ = {isa = PBXBuildFile; fileRef = 4E5CDC592A658C69008C51DC /* MainInterface.storyboard */; };
		4E5CDC5F2A658C69008C51DC /* NotificationContentDemo.appex in Embed Foundation Extensions */ = {isa = PBXBuildFile; fileRef = 4E5CDC502A658C68008C51DC /* NotificationContentDemo.appex */; settings = {ATTRIBUTES = (RemoveHeadersOnCopy, ); }; };
		4E5CDC752A65BAA7008C51DC /* OpenSSL.xcframework in Frameworks */ = {isa = PBXBuildFile; fileRef = 4E5CDC732A65BA9D008C51DC /* OpenSSL.xcframework */; };
		4E5CDC7B2A65BAE3008C51DC /* double-conversion.xcframework in Frameworks */ = {isa = PBXBuildFile; fileRef = 4E5CDC782A65BAD5008C51DC /* double-conversion.xcframework */; };
		4E756B6D2A86185B004FA7E2 /* OpenSSL.xcframework in Frameworks */ = {isa = PBXBuildFile; fileRef = 4E5CDC732A65BA9D008C51DC /* OpenSSL.xcframework */; };
		4E756B702A8618A1004FA7E2 /* double-conversion.xcframework in Frameworks */ = {isa = PBXBuildFile; fileRef = 4E5CDC782A65BAD5008C51DC /* double-conversion.xcframework */; };
		4E756B722A862AB0004FA7E2 /* OpenSSL.xcframework in Frameworks */ = {isa = PBXBuildFile; fileRef = 4E5CDC732A65BA9D008C51DC /* OpenSSL.xcframework */; };
		4E756B732A862AB0004FA7E2 /* OpenSSL.xcframework in Embed Frameworks */ = {isa = PBXBuildFile; fileRef = 4E5CDC732A65BA9D008C51DC /* OpenSSL.xcframework */; settings = {ATTRIBUTES = (CodeSignOnCopy, RemoveHeadersOnCopy, ); }; };
		4E756B752A862AB2004FA7E2 /* double-conversion.xcframework in Frameworks */ = {isa = PBXBuildFile; fileRef = 4E5CDC782A65BAD5008C51DC /* double-conversion.xcframework */; };
		4E756B762A862AB2004FA7E2 /* double-conversion.xcframework in Embed Frameworks */ = {isa = PBXBuildFile; fileRef = 4E5CDC782A65BAD5008C51DC /* double-conversion.xcframework */; settings = {ATTRIBUTES = (CodeSignOnCopy, RemoveHeadersOnCopy, ); }; };
		4EB836382ADFEC6A008964E3 /* CleverTapSDK in Frameworks */ = {isa = PBXBuildFile; productRef = 4EB836372ADFEC6A008964E3 /* CleverTapSDK */; };
		81AB9BB82411601600AC10FF /* LaunchScreen.storyboard in Resources */ = {isa = PBXBuildFile; fileRef = 81AB9BB72411601600AC10FF /* LaunchScreen.storyboard */; };
		895AC7C084B2D891FBDC1AEC /* libPods-ReactNativeIntegration-ReactNativeIntegrationTests.a in Frameworks */ = {isa = PBXBuildFile; fileRef = 0B71B63496D44934A82D768F /* libPods-ReactNativeIntegration-ReactNativeIntegrationTests.a */; };
		8BC92B468D00E546556585F2 /* libPods-ReactNativeIntegration.a in Frameworks */ = {isa = PBXBuildFile; fileRef = 52AD83F7FA9964C8BB0FB346 /* libPods-ReactNativeIntegration.a */; };
/* End PBXBuildFile section */

/* Begin PBXContainerItemProxy section */
		00E356F41AD99517003FC87E /* PBXContainerItemProxy */ = {
			isa = PBXContainerItemProxy;
			containerPortal = 83CBB9F71A601CBA00E9B192 /* Project object */;
			proxyType = 1;
			remoteGlobalIDString = 13B07F861A680F5B00A75B9A;
			remoteInfo = ReactNativeIntegration;
		};
		4E54906D2A867F6E00E59229 /* PBXContainerItemProxy */ = {
			isa = PBXContainerItemProxy;
			containerPortal = 83CBB9F71A601CBA00E9B192 /* Project object */;
			proxyType = 1;
			remoteGlobalIDString = 4E5490672A867F6E00E59229;
			remoteInfo = NotificationService;
		};
		4E5CDC5D2A658C69008C51DC /* PBXContainerItemProxy */ = {
			isa = PBXContainerItemProxy;
			containerPortal = 83CBB9F71A601CBA00E9B192 /* Project object */;
			proxyType = 1;
			remoteGlobalIDString = 4E5CDC4F2A658C68008C51DC;
			remoteInfo = NotificationContentDemo;
		};
/* End PBXContainerItemProxy section */

/* Begin PBXCopyFilesBuildPhase section */
		4E756B742A862AB0004FA7E2 /* Embed Frameworks */ = {
			isa = PBXCopyFilesBuildPhase;
			buildActionMask = 2147483647;
			dstPath = "";
			dstSubfolderSpec = 10;
			files = (
				4E756B762A862AB2004FA7E2 /* double-conversion.xcframework in Embed Frameworks */,
				4E756B732A862AB0004FA7E2 /* OpenSSL.xcframework in Embed Frameworks */,
			);
			name = "Embed Frameworks";
			runOnlyForDeploymentPostprocessing = 0;
		};
		4EFC642D2A658334001072CB /* Embed Foundation Extensions */ = {
			isa = PBXCopyFilesBuildPhase;
			buildActionMask = 2147483647;
			dstPath = "";
			dstSubfolderSpec = 13;
			files = (
				4E5CDC5F2A658C69008C51DC /* NotificationContentDemo.appex in Embed Foundation Extensions */,
				4E54906F2A867F6E00E59229 /* NotificationService.appex in Embed Foundation Extensions */,
			);
			name = "Embed Foundation Extensions";
			runOnlyForDeploymentPostprocessing = 0;
		};
/* End PBXCopyFilesBuildPhase section */

/* Begin PBXFileReference section */
		00E356EE1AD99517003FC87E /* ReactNativeIntegrationTests.xctest */ = {isa = PBXFileReference; explicitFileType = wrapper.cfbundle; includeInIndex = 0; path = ReactNativeIntegrationTests.xctest; sourceTree = BUILT_PRODUCTS_DIR; };
		00E356F11AD99517003FC87E /* Info.plist */ = {isa = PBXFileReference; lastKnownFileType = text.plist.xml; path = Info.plist; sourceTree = "<group>"; };
		00E356F21AD99517003FC87E /* ReactNativeIntegrationTests.m */ = {isa = PBXFileReference; lastKnownFileType = sourcecode.c.objc; path = ReactNativeIntegrationTests.m; sourceTree = "<group>"; };
		01EBC91F169E2A0C4E0139A6 /* Pods-ReactNativeIntegration.debug.xcconfig */ = {isa = PBXFileReference; includeInIndex = 1; lastKnownFileType = text.xcconfig; name = "Pods-ReactNativeIntegration.debug.xcconfig"; path = "Target Support Files/Pods-ReactNativeIntegration/Pods-ReactNativeIntegration.debug.xcconfig"; sourceTree = "<group>"; };
		0B71B63496D44934A82D768F /* libPods-ReactNativeIntegration-ReactNativeIntegrationTests.a */ = {isa = PBXFileReference; explicitFileType = archive.ar; includeInIndex = 0; path = "libPods-ReactNativeIntegration-ReactNativeIntegrationTests.a"; sourceTree = BUILT_PRODUCTS_DIR; };
		13B07F961A680F5B00A75B9A /* ReactNativeIntegration.app */ = {isa = PBXFileReference; explicitFileType = wrapper.application; includeInIndex = 0; path = ReactNativeIntegration.app; sourceTree = BUILT_PRODUCTS_DIR; };
		13B07FAF1A68108700A75B9A /* AppDelegate.h */ = {isa = PBXFileReference; fileEncoding = 4; lastKnownFileType = sourcecode.c.h; name = AppDelegate.h; path = ReactNativeIntegration/AppDelegate.h; sourceTree = "<group>"; };
		13B07FB01A68108700A75B9A /* AppDelegate.m */ = {isa = PBXFileReference; fileEncoding = 4; lastKnownFileType = sourcecode.c.objc; name = AppDelegate.m; path = ReactNativeIntegration/AppDelegate.m; sourceTree = "<group>"; };
		13B07FB51A68108700A75B9A /* Images.xcassets */ = {isa = PBXFileReference; lastKnownFileType = folder.assetcatalog; name = Images.xcassets; path = ReactNativeIntegration/Images.xcassets; sourceTree = "<group>"; };
		13B07FB61A68108700A75B9A /* Info.plist */ = {isa = PBXFileReference; fileEncoding = 4; lastKnownFileType = text.plist.xml; name = Info.plist; path = ReactNativeIntegration/Info.plist; sourceTree = "<group>"; };
		13B07FB71A68108700A75B9A /* main.m */ = {isa = PBXFileReference; fileEncoding = 4; lastKnownFileType = sourcecode.c.objc; name = main.m; path = ReactNativeIntegration/main.m; sourceTree = "<group>"; };
		1A56BC5103413ABAB3F0E3A8 /* Pods-ReactNativeIntegration.release.xcconfig */ = {isa = PBXFileReference; includeInIndex = 1; lastKnownFileType = text.xcconfig; name = "Pods-ReactNativeIntegration.release.xcconfig"; path = "Target Support Files/Pods-ReactNativeIntegration/Pods-ReactNativeIntegration.release.xcconfig"; sourceTree = "<group>"; };
		3CBC0CDC73077B78951D5B55 /* Pods-ReactNativeIntegration-NotificationContentDemo.release.xcconfig */ = {isa = PBXFileReference; includeInIndex = 1; lastKnownFileType = text.xcconfig; name = "Pods-ReactNativeIntegration-NotificationContentDemo.release.xcconfig"; path = "Target Support Files/Pods-ReactNativeIntegration-NotificationContentDemo/Pods-ReactNativeIntegration-NotificationContentDemo.release.xcconfig"; sourceTree = "<group>"; };
		4E0D79122AE16CDD002F7CA3 /* libCTNotificationService.a */ = {isa = PBXFileReference; explicitFileType = archive.ar; path = libCTNotificationService.a; sourceTree = BUILT_PRODUCTS_DIR; };
		4E0D79142AE16CE9002F7CA3 /* libCTNotificationService.a */ = {isa = PBXFileReference; explicitFileType = archive.ar; path = libCTNotificationService.a; sourceTree = BUILT_PRODUCTS_DIR; };
		4E0D79162AE16D11002F7CA3 /* libCTNotificationService.a */ = {isa = PBXFileReference; explicitFileType = archive.ar; path = libCTNotificationService.a; sourceTree = BUILT_PRODUCTS_DIR; };
		4E0D79182AE16D97002F7CA3 /* libCTNotificationService.a */ = {isa = PBXFileReference; explicitFileType = archive.ar; path = libCTNotificationService.a; sourceTree = BUILT_PRODUCTS_DIR; };
		4E370F6E28BE182300DCB78F /* ReactNativeIntegration.entitlements */ = {isa = PBXFileReference; lastKnownFileType = text.plist.entitlements; name = ReactNativeIntegration.entitlements; path = ReactNativeIntegration/ReactNativeIntegration.entitlements; sourceTree = "<group>"; };
		4E5490682A867F6E00E59229 /* NotificationService.appex */ = {isa = PBXFileReference; explicitFileType = "wrapper.app-extension"; includeInIndex = 0; path = NotificationService.appex; sourceTree = BUILT_PRODUCTS_DIR; };
		4E54906A2A867F6E00E59229 /* NotificationService.swift */ = {isa = PBXFileReference; lastKnownFileType = sourcecode.swift; path = NotificationService.swift; sourceTree = "<group>"; };
		4E54906C2A867F6E00E59229 /* Info.plist */ = {isa = PBXFileReference; lastKnownFileType = text.plist.xml; path = Info.plist; sourceTree = "<group>"; };
		4E5490732A867F7900E59229 /* NotificationService.entitlements */ = {isa = PBXFileReference; lastKnownFileType = text.plist.entitlements; path = NotificationService.entitlements; sourceTree = "<group>"; };
		4E58BEDB2CB658640041189E /* main.jsbundle */ = {isa = PBXFileReference; lastKnownFileType = text; path = main.jsbundle; sourceTree = "<group>"; };
		4E5CDC502A658C68008C51DC /* NotificationContentDemo.appex */ = {isa = PBXFileReference; explicitFileType = "wrapper.app-extension"; includeInIndex = 0; path = NotificationContentDemo.appex; sourceTree = BUILT_PRODUCTS_DIR; };
		4E5CDC512A658C68008C51DC /* UserNotifications.framework */ = {isa = PBXFileReference; lastKnownFileType = wrapper.framework; name = UserNotifications.framework; path = System/Library/Frameworks/UserNotifications.framework; sourceTree = SDKROOT; };
		4E5CDC532A658C68008C51DC /* UserNotificationsUI.framework */ = {isa = PBXFileReference; lastKnownFileType = wrapper.framework; name = UserNotificationsUI.framework; path = System/Library/Frameworks/UserNotificationsUI.framework; sourceTree = SDKROOT; };
		4E5CDC562A658C69008C51DC /* NotificationViewController.h */ = {isa = PBXFileReference; lastKnownFileType = sourcecode.c.h; path = NotificationViewController.h; sourceTree = "<group>"; };
		4E5CDC572A658C69008C51DC /* NotificationViewController.m */ = {isa = PBXFileReference; lastKnownFileType = sourcecode.c.objc; path = NotificationViewController.m; sourceTree = "<group>"; };
		4E5CDC5A2A658C69008C51DC /* Base */ = {isa = PBXFileReference; lastKnownFileType = file.storyboard; name = Base; path = Base.lproj/MainInterface.storyboard; sourceTree = "<group>"; };
		4E5CDC5C2A658C69008C51DC /* Info.plist */ = {isa = PBXFileReference; lastKnownFileType = text.plist.xml; path = Info.plist; sourceTree = "<group>"; };
		4E5CDC732A65BA9D008C51DC /* OpenSSL.xcframework */ = {isa = PBXFileReference; lastKnownFileType = wrapper.xcframework; name = OpenSSL.xcframework; path = "Pods/OpenSSL-Universal/Frameworks/OpenSSL.xcframework"; sourceTree = "<group>"; };
		4E5CDC782A65BAD5008C51DC /* double-conversion.xcframework */ = {isa = PBXFileReference; lastKnownFileType = wrapper.xcframework; name = "double-conversion.xcframework"; path = "Pods/Flipper-DoubleConversion/Frameworks/double-conversion.xcframework"; sourceTree = "<group>"; };
		4E5CDC7D2A65BB31008C51DC /* NotificationContentDemo.entitlements */ = {isa = PBXFileReference; lastKnownFileType = text.plist.entitlements; path = NotificationContentDemo.entitlements; sourceTree = "<group>"; };
		4EB836392ADFEC8A008964E3 /* libCTNotificationService.a */ = {isa = PBXFileReference; explicitFileType = archive.ar; path = libCTNotificationService.a; sourceTree = BUILT_PRODUCTS_DIR; };
		4EB8363B2ADFEC95008964E3 /* libCTNotificationService.a */ = {isa = PBXFileReference; explicitFileType = archive.ar; path = libCTNotificationService.a; sourceTree = BUILT_PRODUCTS_DIR; };
		4F0805C4A172230C55A62523 /* libPods-ReactNativeIntegration-NotificationContentDemo.a */ = {isa = PBXFileReference; explicitFileType = archive.ar; includeInIndex = 0; path = "libPods-ReactNativeIntegration-NotificationContentDemo.a"; sourceTree = BUILT_PRODUCTS_DIR; };
		52AD83F7FA9964C8BB0FB346 /* libPods-ReactNativeIntegration.a */ = {isa = PBXFileReference; explicitFileType = archive.ar; includeInIndex = 0; path = "libPods-ReactNativeIntegration.a"; sourceTree = BUILT_PRODUCTS_DIR; };
		6B0C681D866E837824F7E8F2 /* Pods-ReactNativeIntegration-ReactNativeIntegrationTests.debug.xcconfig */ = {isa = PBXFileReference; includeInIndex = 1; lastKnownFileType = text.xcconfig; name = "Pods-ReactNativeIntegration-ReactNativeIntegrationTests.debug.xcconfig"; path = "Target Support Files/Pods-ReactNativeIntegration-ReactNativeIntegrationTests/Pods-ReactNativeIntegration-ReactNativeIntegrationTests.debug.xcconfig"; sourceTree = "<group>"; };
		81AB9BB72411601600AC10FF /* LaunchScreen.storyboard */ = {isa = PBXFileReference; fileEncoding = 4; lastKnownFileType = file.storyboard; name = LaunchScreen.storyboard; path = ReactNativeIntegration/LaunchScreen.storyboard; sourceTree = "<group>"; };
		A3B4359242952E1DA5DB9920 /* Pods-ReactNativeIntegration-NotificationContentDemo.debug.xcconfig */ = {isa = PBXFileReference; includeInIndex = 1; lastKnownFileType = text.xcconfig; name = "Pods-ReactNativeIntegration-NotificationContentDemo.debug.xcconfig"; path = "Target Support Files/Pods-ReactNativeIntegration-NotificationContentDemo/Pods-ReactNativeIntegration-NotificationContentDemo.debug.xcconfig"; sourceTree = "<group>"; };
		B8C2DE472A02BB84CC271C07 /* Pods-ReactNativeIntegration-ReactNativeIntegrationTests.release.xcconfig */ = {isa = PBXFileReference; includeInIndex = 1; lastKnownFileType = text.xcconfig; name = "Pods-ReactNativeIntegration-ReactNativeIntegrationTests.release.xcconfig"; path = "Target Support Files/Pods-ReactNativeIntegration-ReactNativeIntegrationTests/Pods-ReactNativeIntegration-ReactNativeIntegrationTests.release.xcconfig"; sourceTree = "<group>"; };
		ED297162215061F000B7C4FE /* JavaScriptCore.framework */ = {isa = PBXFileReference; lastKnownFileType = wrapper.framework; name = JavaScriptCore.framework; path = System/Library/Frameworks/JavaScriptCore.framework; sourceTree = SDKROOT; };
/* End PBXFileReference section */

/* Begin PBXFrameworksBuildPhase section */
		00E356EB1AD99517003FC87E /* Frameworks */ = {
			isa = PBXFrameworksBuildPhase;
			buildActionMask = 2147483647;
			files = (
				4E5CDC7B2A65BAE3008C51DC /* double-conversion.xcframework in Frameworks */,
				4E5CDC752A65BAA7008C51DC /* OpenSSL.xcframework in Frameworks */,
				895AC7C084B2D891FBDC1AEC /* libPods-ReactNativeIntegration-ReactNativeIntegrationTests.a in Frameworks */,
			);
			runOnlyForDeploymentPostprocessing = 0;
		};
		13B07F8C1A680F5B00A75B9A /* Frameworks */ = {
			isa = PBXFrameworksBuildPhase;
			buildActionMask = 2147483647;
			files = (
				4E756B6D2A86185B004FA7E2 /* OpenSSL.xcframework in Frameworks */,
				4E756B702A8618A1004FA7E2 /* double-conversion.xcframework in Frameworks */,
				8BC92B468D00E546556585F2 /* libPods-ReactNativeIntegration.a in Frameworks */,
			);
			runOnlyForDeploymentPostprocessing = 0;
		};
		4E5490652A867F6E00E59229 /* Frameworks */ = {
			isa = PBXFrameworksBuildPhase;
			buildActionMask = 2147483647;
			files = (
				4E0D791C2AE16E6A002F7CA3 /* CTNotificationService in Frameworks */,
				4EB836382ADFEC6A008964E3 /* CleverTapSDK in Frameworks */,
			);
			runOnlyForDeploymentPostprocessing = 0;
		};
		4E5CDC4D2A658C68008C51DC /* Frameworks */ = {
			isa = PBXFrameworksBuildPhase;
			buildActionMask = 2147483647;
			files = (
				4E756B722A862AB0004FA7E2 /* OpenSSL.xcframework in Frameworks */,
				4E5CDC542A658C68008C51DC /* UserNotificationsUI.framework in Frameworks */,
				4E756B752A862AB2004FA7E2 /* double-conversion.xcframework in Frameworks */,
				4E5CDC522A658C68008C51DC /* UserNotifications.framework in Frameworks */,
				3FCA56CEE1CE3015D8D233FF /* libPods-ReactNativeIntegration-NotificationContentDemo.a in Frameworks */,
			);
			runOnlyForDeploymentPostprocessing = 0;
		};
/* End PBXFrameworksBuildPhase section */

/* Begin PBXGroup section */
		00E356EF1AD99517003FC87E /* ReactNativeIntegrationTests */ = {
			isa = PBXGroup;
			children = (
				00E356F21AD99517003FC87E /* ReactNativeIntegrationTests.m */,
				00E356F01AD99517003FC87E /* Supporting Files */,
			);
			path = ReactNativeIntegrationTests;
			sourceTree = "<group>";
		};
		00E356F01AD99517003FC87E /* Supporting Files */ = {
			isa = PBXGroup;
			children = (
				00E356F11AD99517003FC87E /* Info.plist */,
			);
			name = "Supporting Files";
			sourceTree = "<group>";
		};
		13B07FAE1A68108700A75B9A /* ReactNativeIntegration */ = {
			isa = PBXGroup;
			children = (
				4E370F6E28BE182300DCB78F /* ReactNativeIntegration.entitlements */,
				13B07FAF1A68108700A75B9A /* AppDelegate.h */,
				13B07FB01A68108700A75B9A /* AppDelegate.m */,
				13B07FB51A68108700A75B9A /* Images.xcassets */,
				13B07FB61A68108700A75B9A /* Info.plist */,
				81AB9BB72411601600AC10FF /* LaunchScreen.storyboard */,
				13B07FB71A68108700A75B9A /* main.m */,
			);
			name = ReactNativeIntegration;
			sourceTree = "<group>";
		};
		2D16E6871FA4F8E400B85C8A /* Frameworks */ = {
			isa = PBXGroup;
			children = (
				4E0D79182AE16D97002F7CA3 /* libCTNotificationService.a */,
				4E0D79162AE16D11002F7CA3 /* libCTNotificationService.a */,
				4E0D79142AE16CE9002F7CA3 /* libCTNotificationService.a */,
				4E0D79122AE16CDD002F7CA3 /* libCTNotificationService.a */,
				4EB8363B2ADFEC95008964E3 /* libCTNotificationService.a */,
				4EB836392ADFEC8A008964E3 /* libCTNotificationService.a */,
				4E5CDC782A65BAD5008C51DC /* double-conversion.xcframework */,
				4E5CDC732A65BA9D008C51DC /* OpenSSL.xcframework */,
				ED297162215061F000B7C4FE /* JavaScriptCore.framework */,
				4E5CDC512A658C68008C51DC /* UserNotifications.framework */,
				4E5CDC532A658C68008C51DC /* UserNotificationsUI.framework */,
				52AD83F7FA9964C8BB0FB346 /* libPods-ReactNativeIntegration.a */,
				4F0805C4A172230C55A62523 /* libPods-ReactNativeIntegration-NotificationContentDemo.a */,
				0B71B63496D44934A82D768F /* libPods-ReactNativeIntegration-ReactNativeIntegrationTests.a */,
			);
			name = Frameworks;
			sourceTree = "<group>";
		};
		4E5490692A867F6E00E59229 /* NotificationService */ = {
			isa = PBXGroup;
			children = (
				4E5490732A867F7900E59229 /* NotificationService.entitlements */,
				4E54906A2A867F6E00E59229 /* NotificationService.swift */,
				4E54906C2A867F6E00E59229 /* Info.plist */,
			);
			path = NotificationService;
			sourceTree = "<group>";
		};
		4E5CDC552A658C69008C51DC /* NotificationContentDemo */ = {
			isa = PBXGroup;
			children = (
				4E5CDC7D2A65BB31008C51DC /* NotificationContentDemo.entitlements */,
				4E5CDC562A658C69008C51DC /* NotificationViewController.h */,
				4E5CDC572A658C69008C51DC /* NotificationViewController.m */,
				4E5CDC592A658C69008C51DC /* MainInterface.storyboard */,
				4E5CDC5C2A658C69008C51DC /* Info.plist */,
			);
			path = NotificationContentDemo;
			sourceTree = "<group>";
		};
		832341AE1AAA6A7D00B99B32 /* Libraries */ = {
			isa = PBXGroup;
			children = (
			);
			name = Libraries;
			sourceTree = "<group>";
		};
		83CBB9F61A601CBA00E9B192 = {
			isa = PBXGroup;
			children = (
				4E58BEDB2CB658640041189E /* main.jsbundle */,
				13B07FAE1A68108700A75B9A /* ReactNativeIntegration */,
				832341AE1AAA6A7D00B99B32 /* Libraries */,
				00E356EF1AD99517003FC87E /* ReactNativeIntegrationTests */,
				4E5CDC552A658C69008C51DC /* NotificationContentDemo */,
				4E5490692A867F6E00E59229 /* NotificationService */,
				83CBBA001A601CBA00E9B192 /* Products */,
				2D16E6871FA4F8E400B85C8A /* Frameworks */,
				C722E536C1932B46A440CC22 /* Pods */,
			);
			indentWidth = 2;
			sourceTree = "<group>";
			tabWidth = 2;
			usesTabs = 0;
		};
		83CBBA001A601CBA00E9B192 /* Products */ = {
			isa = PBXGroup;
			children = (
				13B07F961A680F5B00A75B9A /* ReactNativeIntegration.app */,
				00E356EE1AD99517003FC87E /* ReactNativeIntegrationTests.xctest */,
				4E5CDC502A658C68008C51DC /* NotificationContentDemo.appex */,
				4E5490682A867F6E00E59229 /* NotificationService.appex */,
			);
			name = Products;
			sourceTree = "<group>";
		};
		C722E536C1932B46A440CC22 /* Pods */ = {
			isa = PBXGroup;
			children = (
				01EBC91F169E2A0C4E0139A6 /* Pods-ReactNativeIntegration.debug.xcconfig */,
				1A56BC5103413ABAB3F0E3A8 /* Pods-ReactNativeIntegration.release.xcconfig */,
				A3B4359242952E1DA5DB9920 /* Pods-ReactNativeIntegration-NotificationContentDemo.debug.xcconfig */,
				3CBC0CDC73077B78951D5B55 /* Pods-ReactNativeIntegration-NotificationContentDemo.release.xcconfig */,
				6B0C681D866E837824F7E8F2 /* Pods-ReactNativeIntegration-ReactNativeIntegrationTests.debug.xcconfig */,
				B8C2DE472A02BB84CC271C07 /* Pods-ReactNativeIntegration-ReactNativeIntegrationTests.release.xcconfig */,
			);
			path = Pods;
			sourceTree = "<group>";
		};
/* End PBXGroup section */

/* Begin PBXNativeTarget section */
		00E356ED1AD99517003FC87E /* ReactNativeIntegrationTests */ = {
			isa = PBXNativeTarget;
			buildConfigurationList = 00E357021AD99517003FC87E /* Build configuration list for PBXNativeTarget "ReactNativeIntegrationTests" */;
			buildPhases = (
				64D4D764DF4B6D0ACC8650A9 /* [CP] Check Pods Manifest.lock */,
				00E356EA1AD99517003FC87E /* Sources */,
				00E356EB1AD99517003FC87E /* Frameworks */,
				00E356EC1AD99517003FC87E /* Resources */,
				800F7577C5566E4A8AD0D960 /* [CP] Embed Pods Frameworks */,
				66A0E9DD8E6D9E1BCBECC9AD /* [CP] Copy Pods Resources */,
			);
			buildRules = (
			);
			dependencies = (
				00E356F51AD99517003FC87E /* PBXTargetDependency */,
			);
			name = ReactNativeIntegrationTests;
			productName = ReactNativeIntegrationTests;
			productReference = 00E356EE1AD99517003FC87E /* ReactNativeIntegrationTests.xctest */;
			productType = "com.apple.product-type.bundle.unit-test";
		};
		13B07F861A680F5B00A75B9A /* ReactNativeIntegration */ = {
			isa = PBXNativeTarget;
			buildConfigurationList = 13B07F931A680F5B00A75B9A /* Build configuration list for PBXNativeTarget "ReactNativeIntegration" */;
			buildPhases = (
				28F2F8B28E3B6918C500579B /* [CP] Check Pods Manifest.lock */,
				FD10A7F022414F080027D42C /* Start Packager */,
				13B07F871A680F5B00A75B9A /* Sources */,
				13B07F8C1A680F5B00A75B9A /* Frameworks */,
				13B07F8E1A680F5B00A75B9A /* Resources */,
				00DD1BFF1BD5951E006B06BC /* Bundle React Native code and images */,
				4EFC642D2A658334001072CB /* Embed Foundation Extensions */,
				2F459693B9F94709BBDABCB3 /* [CP] Embed Pods Frameworks */,
				8D726562625E5C24DD69416D /* [CP] Copy Pods Resources */,
			);
			buildRules = (
			);
			dependencies = (
				4E5CDC5E2A658C69008C51DC /* PBXTargetDependency */,
				4E54906E2A867F6E00E59229 /* PBXTargetDependency */,
			);
			name = ReactNativeIntegration;
			productName = ReactNativeIntegration;
			productReference = 13B07F961A680F5B00A75B9A /* ReactNativeIntegration.app */;
			productType = "com.apple.product-type.application";
		};
		4E5490672A867F6E00E59229 /* NotificationService */ = {
			isa = PBXNativeTarget;
			buildConfigurationList = 4E5490702A867F6E00E59229 /* Build configuration list for PBXNativeTarget "NotificationService" */;
			buildPhases = (
				4E5490642A867F6E00E59229 /* Sources */,
				4E5490652A867F6E00E59229 /* Frameworks */,
				4E5490662A867F6E00E59229 /* Resources */,
			);
			buildRules = (
			);
			dependencies = (
			);
			name = NotificationService;
			packageProductDependencies = (
				4EB836372ADFEC6A008964E3 /* CleverTapSDK */,
				4E0D791B2AE16E6A002F7CA3 /* CTNotificationService */,
			);
			productName = NotificationService;
			productReference = 4E5490682A867F6E00E59229 /* NotificationService.appex */;
			productType = "com.apple.product-type.app-extension";
		};
		4E5CDC4F2A658C68008C51DC /* NotificationContentDemo */ = {
			isa = PBXNativeTarget;
			buildConfigurationList = 4E5CDC622A658C69008C51DC /* Build configuration list for PBXNativeTarget "NotificationContentDemo" */;
			buildPhases = (
				B26D5A85F3F4EA848A796424 /* [CP] Check Pods Manifest.lock */,
				4E5CDC4C2A658C68008C51DC /* Sources */,
				4E5CDC4D2A658C68008C51DC /* Frameworks */,
				4E5CDC4E2A658C68008C51DC /* Resources */,
				4E756B742A862AB0004FA7E2 /* Embed Frameworks */,
				A2AE209784FFAF243EA3EBB3 /* [CP] Copy Pods Resources */,
			);
			buildRules = (
			);
			dependencies = (
			);
			name = NotificationContentDemo;
			productName = NotificationContentDemo;
			productReference = 4E5CDC502A658C68008C51DC /* NotificationContentDemo.appex */;
			productType = "com.apple.product-type.app-extension";
		};
/* End PBXNativeTarget section */

/* Begin PBXProject section */
		83CBB9F71A601CBA00E9B192 /* Project object */ = {
			isa = PBXProject;
			attributes = {
				LastSwiftUpdateCheck = 1430;
				LastUpgradeCheck = 1210;
				TargetAttributes = {
					00E356ED1AD99517003FC87E = {
						CreatedOnToolsVersion = 6.2;
						TestTargetID = 13B07F861A680F5B00A75B9A;
					};
					13B07F861A680F5B00A75B9A = {
						LastSwiftMigration = 1120;
					};
					4E5490672A867F6E00E59229 = {
						CreatedOnToolsVersion = 14.3;
					};
					4E5CDC4F2A658C68008C51DC = {
						CreatedOnToolsVersion = 14.3;
					};
				};
			};
			buildConfigurationList = 83CBB9FA1A601CBA00E9B192 /* Build configuration list for PBXProject "ReactNativeIntegration" */;
			compatibilityVersion = "Xcode 12.0";
			developmentRegion = en;
			hasScannedForEncodings = 0;
			knownRegions = (
				en,
				Base,
			);
			mainGroup = 83CBB9F61A601CBA00E9B192;
			packageReferences = (
				4EED10C72A86833B00EFF316 /* XCRemoteSwiftPackageReference "clevertap-ios-sdk" */,
				4E0D791A2AE16E6A002F7CA3 /* XCRemoteSwiftPackageReference "CTNotificationService" */,
			);
			productRefGroup = 83CBBA001A601CBA00E9B192 /* Products */;
			projectDirPath = "";
			projectRoot = "";
			targets = (
				13B07F861A680F5B00A75B9A /* ReactNativeIntegration */,
				00E356ED1AD99517003FC87E /* ReactNativeIntegrationTests */,
				4E5CDC4F2A658C68008C51DC /* NotificationContentDemo */,
				4E5490672A867F6E00E59229 /* NotificationService */,
			);
		};
/* End PBXProject section */

/* Begin PBXResourcesBuildPhase section */
		00E356EC1AD99517003FC87E /* Resources */ = {
			isa = PBXResourcesBuildPhase;
			buildActionMask = 2147483647;
			files = (
			);
			runOnlyForDeploymentPostprocessing = 0;
		};
		13B07F8E1A680F5B00A75B9A /* Resources */ = {
			isa = PBXResourcesBuildPhase;
			buildActionMask = 2147483647;
			files = (
				4E58BEDD2CB6599E0041189E /* main.jsbundle in Resources */,
				81AB9BB82411601600AC10FF /* LaunchScreen.storyboard in Resources */,
				13B07FBF1A68108700A75B9A /* Images.xcassets in Resources */,
			);
			runOnlyForDeploymentPostprocessing = 0;
		};
		4E5490662A867F6E00E59229 /* Resources */ = {
			isa = PBXResourcesBuildPhase;
			buildActionMask = 2147483647;
			files = (
				4E58BEDC2CB658640041189E /* main.jsbundle in Resources */,
			);
			runOnlyForDeploymentPostprocessing = 0;
		};
		4E5CDC4E2A658C68008C51DC /* Resources */ = {
			isa = PBXResourcesBuildPhase;
			buildActionMask = 2147483647;
			files = (
				4E58BEDE2CB659A60041189E /* main.jsbundle in Resources */,
				4E5CDC5B2A658C69008C51DC /* MainInterface.storyboard in Resources */,
			);
			runOnlyForDeploymentPostprocessing = 0;
		};
/* End PBXResourcesBuildPhase section */

/* Begin PBXShellScriptBuildPhase section */
		00DD1BFF1BD5951E006B06BC /* Bundle React Native code and images */ = {
			isa = PBXShellScriptBuildPhase;
			buildActionMask = 8;
			files = (
			);
			inputPaths = (
			);
			name = "Bundle React Native code and images";
			outputPaths = (
			);
			runOnlyForDeploymentPostprocessing = 1;
			shellPath = /bin/sh;
			shellScript = "set -e\nexport NODE_BINARY=/Users/karthik.iyer/.nvm/versions/node/v15.14.0/bin/node\n../node_modules/react-native/scripts/react-native-xcode.sh\n";
		};
		28F2F8B28E3B6918C500579B /* [CP] Check Pods Manifest.lock */ = {
			isa = PBXShellScriptBuildPhase;
			buildActionMask = 2147483647;
			files = (
			);
			inputFileListPaths = (
			);
			inputPaths = (
				"${PODS_PODFILE_DIR_PATH}/Podfile.lock",
				"${PODS_ROOT}/Manifest.lock",
			);
			name = "[CP] Check Pods Manifest.lock";
			outputFileListPaths = (
			);
			outputPaths = (
				"$(DERIVED_FILE_DIR)/Pods-ReactNativeIntegration-checkManifestLockResult.txt",
			);
			runOnlyForDeploymentPostprocessing = 0;
			shellPath = /bin/sh;
			shellScript = "diff \"${PODS_PODFILE_DIR_PATH}/Podfile.lock\" \"${PODS_ROOT}/Manifest.lock\" > /dev/null\nif [ $? != 0 ] ; then\n    # print error to STDERR\n    echo \"error: The sandbox is not in sync with the Podfile.lock. Run 'pod install' or update your CocoaPods installation.\" >&2\n    exit 1\nfi\n# This output is used by Xcode 'outputs' to avoid re-running this script phase.\necho \"SUCCESS\" > \"${SCRIPT_OUTPUT_FILE_0}\"\n";
			showEnvVarsInLog = 0;
		};
		2F459693B9F94709BBDABCB3 /* [CP] Embed Pods Frameworks */ = {
			isa = PBXShellScriptBuildPhase;
			buildActionMask = 2147483647;
			files = (
			);
			inputFileListPaths = (
				"${PODS_ROOT}/Target Support Files/Pods-ReactNativeIntegration/Pods-ReactNativeIntegration-frameworks-${CONFIGURATION}-input-files.xcfilelist",
			);
			name = "[CP] Embed Pods Frameworks";
			outputFileListPaths = (
				"${PODS_ROOT}/Target Support Files/Pods-ReactNativeIntegration/Pods-ReactNativeIntegration-frameworks-${CONFIGURATION}-output-files.xcfilelist",
			);
			runOnlyForDeploymentPostprocessing = 0;
			shellPath = /bin/sh;
			shellScript = "\"${PODS_ROOT}/Target Support Files/Pods-ReactNativeIntegration/Pods-ReactNativeIntegration-frameworks.sh\"\n";
			showEnvVarsInLog = 0;
		};
		64D4D764DF4B6D0ACC8650A9 /* [CP] Check Pods Manifest.lock */ = {
			isa = PBXShellScriptBuildPhase;
			buildActionMask = 2147483647;
			files = (
			);
			inputFileListPaths = (
			);
			inputPaths = (
				"${PODS_PODFILE_DIR_PATH}/Podfile.lock",
				"${PODS_ROOT}/Manifest.lock",
			);
			name = "[CP] Check Pods Manifest.lock";
			outputFileListPaths = (
			);
			outputPaths = (
				"$(DERIVED_FILE_DIR)/Pods-ReactNativeIntegration-ReactNativeIntegrationTests-checkManifestLockResult.txt",
			);
			runOnlyForDeploymentPostprocessing = 0;
			shellPath = /bin/sh;
			shellScript = "diff \"${PODS_PODFILE_DIR_PATH}/Podfile.lock\" \"${PODS_ROOT}/Manifest.lock\" > /dev/null\nif [ $? != 0 ] ; then\n    # print error to STDERR\n    echo \"error: The sandbox is not in sync with the Podfile.lock. Run 'pod install' or update your CocoaPods installation.\" >&2\n    exit 1\nfi\n# This output is used by Xcode 'outputs' to avoid re-running this script phase.\necho \"SUCCESS\" > \"${SCRIPT_OUTPUT_FILE_0}\"\n";
			showEnvVarsInLog = 0;
		};
		66A0E9DD8E6D9E1BCBECC9AD /* [CP] Copy Pods Resources */ = {
			isa = PBXShellScriptBuildPhase;
			buildActionMask = 2147483647;
			files = (
			);
			inputFileListPaths = (
				"${PODS_ROOT}/Target Support Files/Pods-ReactNativeIntegration-ReactNativeIntegrationTests/Pods-ReactNativeIntegration-ReactNativeIntegrationTests-resources-${CONFIGURATION}-input-files.xcfilelist",
			);
			name = "[CP] Copy Pods Resources";
			outputFileListPaths = (
				"${PODS_ROOT}/Target Support Files/Pods-ReactNativeIntegration-ReactNativeIntegrationTests/Pods-ReactNativeIntegration-ReactNativeIntegrationTests-resources-${CONFIGURATION}-output-files.xcfilelist",
			);
			runOnlyForDeploymentPostprocessing = 0;
			shellPath = /bin/sh;
			shellScript = "\"${PODS_ROOT}/Target Support Files/Pods-ReactNativeIntegration-ReactNativeIntegrationTests/Pods-ReactNativeIntegration-ReactNativeIntegrationTests-resources.sh\"\n";
			showEnvVarsInLog = 0;
		};
		800F7577C5566E4A8AD0D960 /* [CP] Embed Pods Frameworks */ = {
			isa = PBXShellScriptBuildPhase;
			buildActionMask = 2147483647;
			files = (
			);
			inputFileListPaths = (
				"${PODS_ROOT}/Target Support Files/Pods-ReactNativeIntegration-ReactNativeIntegrationTests/Pods-ReactNativeIntegration-ReactNativeIntegrationTests-frameworks-${CONFIGURATION}-input-files.xcfilelist",
			);
			name = "[CP] Embed Pods Frameworks";
			outputFileListPaths = (
				"${PODS_ROOT}/Target Support Files/Pods-ReactNativeIntegration-ReactNativeIntegrationTests/Pods-ReactNativeIntegration-ReactNativeIntegrationTests-frameworks-${CONFIGURATION}-output-files.xcfilelist",
			);
			runOnlyForDeploymentPostprocessing = 0;
			shellPath = /bin/sh;
			shellScript = "\"${PODS_ROOT}/Target Support Files/Pods-ReactNativeIntegration-ReactNativeIntegrationTests/Pods-ReactNativeIntegration-ReactNativeIntegrationTests-frameworks.sh\"\n";
			showEnvVarsInLog = 0;
		};
		8D726562625E5C24DD69416D /* [CP] Copy Pods Resources */ = {
			isa = PBXShellScriptBuildPhase;
			buildActionMask = 2147483647;
			files = (
			);
			inputFileListPaths = (
				"${PODS_ROOT}/Target Support Files/Pods-ReactNativeIntegration/Pods-ReactNativeIntegration-resources-${CONFIGURATION}-input-files.xcfilelist",
			);
			name = "[CP] Copy Pods Resources";
			outputFileListPaths = (
				"${PODS_ROOT}/Target Support Files/Pods-ReactNativeIntegration/Pods-ReactNativeIntegration-resources-${CONFIGURATION}-output-files.xcfilelist",
			);
			runOnlyForDeploymentPostprocessing = 0;
			shellPath = /bin/sh;
			shellScript = "\"${PODS_ROOT}/Target Support Files/Pods-ReactNativeIntegration/Pods-ReactNativeIntegration-resources.sh\"\n";
			showEnvVarsInLog = 0;
		};
		A2AE209784FFAF243EA3EBB3 /* [CP] Copy Pods Resources */ = {
			isa = PBXShellScriptBuildPhase;
			buildActionMask = 2147483647;
			files = (
			);
			inputFileListPaths = (
				"${PODS_ROOT}/Target Support Files/Pods-ReactNativeIntegration-NotificationContentDemo/Pods-ReactNativeIntegration-NotificationContentDemo-resources-${CONFIGURATION}-input-files.xcfilelist",
			);
			name = "[CP] Copy Pods Resources";
			outputFileListPaths = (
				"${PODS_ROOT}/Target Support Files/Pods-ReactNativeIntegration-NotificationContentDemo/Pods-ReactNativeIntegration-NotificationContentDemo-resources-${CONFIGURATION}-output-files.xcfilelist",
			);
			runOnlyForDeploymentPostprocessing = 0;
			shellPath = /bin/sh;
			shellScript = "\"${PODS_ROOT}/Target Support Files/Pods-ReactNativeIntegration-NotificationContentDemo/Pods-ReactNativeIntegration-NotificationContentDemo-resources.sh\"\n";
			showEnvVarsInLog = 0;
		};
		B26D5A85F3F4EA848A796424 /* [CP] Check Pods Manifest.lock */ = {
			isa = PBXShellScriptBuildPhase;
			buildActionMask = 2147483647;
			files = (
			);
			inputFileListPaths = (
			);
			inputPaths = (
				"${PODS_PODFILE_DIR_PATH}/Podfile.lock",
				"${PODS_ROOT}/Manifest.lock",
			);
			name = "[CP] Check Pods Manifest.lock";
			outputFileListPaths = (
			);
			outputPaths = (
				"$(DERIVED_FILE_DIR)/Pods-ReactNativeIntegration-NotificationContentDemo-checkManifestLockResult.txt",
			);
			runOnlyForDeploymentPostprocessing = 0;
			shellPath = /bin/sh;
			shellScript = "diff \"${PODS_PODFILE_DIR_PATH}/Podfile.lock\" \"${PODS_ROOT}/Manifest.lock\" > /dev/null\nif [ $? != 0 ] ; then\n    # print error to STDERR\n    echo \"error: The sandbox is not in sync with the Podfile.lock. Run 'pod install' or update your CocoaPods installation.\" >&2\n    exit 1\nfi\n# This output is used by Xcode 'outputs' to avoid re-running this script phase.\necho \"SUCCESS\" > \"${SCRIPT_OUTPUT_FILE_0}\"\n";
			showEnvVarsInLog = 0;
		};
		FD10A7F022414F080027D42C /* Start Packager */ = {
			isa = PBXShellScriptBuildPhase;
			buildActionMask = 2147483647;
			files = (
			);
			inputFileListPaths = (
			);
			inputPaths = (
			);
			name = "Start Packager";
			outputFileListPaths = (
			);
			outputPaths = (
			);
			runOnlyForDeploymentPostprocessing = 0;
			shellPath = /bin/sh;
			shellScript = "export RCT_METRO_PORT=\"${RCT_METRO_PORT:=8081}\"\necho \"export RCT_METRO_PORT=${RCT_METRO_PORT}\" > \"${SRCROOT}/../node_modules/react-native/scripts/.packager.env\"\nif [ -z \"${RCT_NO_LAUNCH_PACKAGER+xxx}\" ] ; then\n  if nc -w 5 -z localhost ${RCT_METRO_PORT} ; then\n    if ! curl -s \"http://localhost:${RCT_METRO_PORT}/status\" | grep -q \"packager-status:running\" ; then\n      echo \"Port ${RCT_METRO_PORT} already in use, packager is either not running or not running correctly\"\n      exit 2\n    fi\n  else\n    open \"$SRCROOT/../node_modules/react-native/scripts/launchPackager.command\" || echo \"Can't start packager automatically\"\n  fi\nfi\n";
			showEnvVarsInLog = 0;
		};
/* End PBXShellScriptBuildPhase section */

/* Begin PBXSourcesBuildPhase section */
		00E356EA1AD99517003FC87E /* Sources */ = {
			isa = PBXSourcesBuildPhase;
			buildActionMask = 2147483647;
			files = (
				00E356F31AD99517003FC87E /* ReactNativeIntegrationTests.m in Sources */,
			);
			runOnlyForDeploymentPostprocessing = 0;
		};
		13B07F871A680F5B00A75B9A /* Sources */ = {
			isa = PBXSourcesBuildPhase;
			buildActionMask = 2147483647;
			files = (
				13B07FBC1A68108700A75B9A /* AppDelegate.m in Sources */,
				13B07FC11A68108700A75B9A /* main.m in Sources */,
			);
			runOnlyForDeploymentPostprocessing = 0;
		};
		4E5490642A867F6E00E59229 /* Sources */ = {
			isa = PBXSourcesBuildPhase;
			buildActionMask = 2147483647;
			files = (
				4E54906B2A867F6E00E59229 /* NotificationService.swift in Sources */,
			);
			runOnlyForDeploymentPostprocessing = 0;
		};
		4E5CDC4C2A658C68008C51DC /* Sources */ = {
			isa = PBXSourcesBuildPhase;
			buildActionMask = 2147483647;
			files = (
				4E5CDC582A658C69008C51DC /* NotificationViewController.m in Sources */,
			);
			runOnlyForDeploymentPostprocessing = 0;
		};
/* End PBXSourcesBuildPhase section */

/* Begin PBXTargetDependency section */
		00E356F51AD99517003FC87E /* PBXTargetDependency */ = {
			isa = PBXTargetDependency;
			target = 13B07F861A680F5B00A75B9A /* ReactNativeIntegration */;
			targetProxy = 00E356F41AD99517003FC87E /* PBXContainerItemProxy */;
		};
		4E54906E2A867F6E00E59229 /* PBXTargetDependency */ = {
			isa = PBXTargetDependency;
			target = 4E5490672A867F6E00E59229 /* NotificationService */;
			targetProxy = 4E54906D2A867F6E00E59229 /* PBXContainerItemProxy */;
		};
		4E5CDC5E2A658C69008C51DC /* PBXTargetDependency */ = {
			isa = PBXTargetDependency;
			target = 4E5CDC4F2A658C68008C51DC /* NotificationContentDemo */;
			targetProxy = 4E5CDC5D2A658C69008C51DC /* PBXContainerItemProxy */;
		};
/* End PBXTargetDependency section */

/* Begin PBXVariantGroup section */
		4E5CDC592A658C69008C51DC /* MainInterface.storyboard */ = {
			isa = PBXVariantGroup;
			children = (
				4E5CDC5A2A658C69008C51DC /* Base */,
			);
			name = MainInterface.storyboard;
			sourceTree = "<group>";
		};
/* End PBXVariantGroup section */

/* Begin XCBuildConfiguration section */
		00E356F61AD99517003FC87E /* Debug */ = {
			isa = XCBuildConfiguration;
			baseConfigurationReference = 6B0C681D866E837824F7E8F2 /* Pods-ReactNativeIntegration-ReactNativeIntegrationTests.debug.xcconfig */;
			buildSettings = {
				BUNDLE_LOADER = "$(TEST_HOST)";
				DEVELOPMENT_TEAM = 7XM67G79YA;
				GCC_PREPROCESSOR_DEFINITIONS = (
					"DEBUG=1",
					"$(inherited)",
				);
				INFOPLIST_FILE = ReactNativeIntegrationTests/Info.plist;
				IPHONEOS_DEPLOYMENT_TARGET = 11.0;
				LD_RUNPATH_SEARCH_PATHS = (
					"$(inherited)",
					"@executable_path/Frameworks",
					"@loader_path/Frameworks",
				);
				OTHER_LDFLAGS = (
					"-ObjC",
					"-lc++",
					"$(inherited)",
				);
				PRODUCT_BUNDLE_IDENTIFIER = "org.reactjs.native.example.$(PRODUCT_NAME:rfc1034identifier)";
				PRODUCT_NAME = "$(TARGET_NAME)";
				TEST_HOST = "$(BUILT_PRODUCTS_DIR)/ReactNativeIntegration.app/ReactNativeIntegration";
			};
			name = Debug;
		};
		00E356F71AD99517003FC87E /* Release */ = {
			isa = XCBuildConfiguration;
			baseConfigurationReference = B8C2DE472A02BB84CC271C07 /* Pods-ReactNativeIntegration-ReactNativeIntegrationTests.release.xcconfig */;
			buildSettings = {
				BUNDLE_LOADER = "$(TEST_HOST)";
				COPY_PHASE_STRIP = NO;
				DEVELOPMENT_TEAM = 7XM67G79YA;
				INFOPLIST_FILE = ReactNativeIntegrationTests/Info.plist;
				IPHONEOS_DEPLOYMENT_TARGET = 11.0;
				LD_RUNPATH_SEARCH_PATHS = (
					"$(inherited)",
					"@executable_path/Frameworks",
					"@loader_path/Frameworks",
				);
				OTHER_LDFLAGS = (
					"-ObjC",
					"-lc++",
					"$(inherited)",
				);
				PRODUCT_BUNDLE_IDENTIFIER = "org.reactjs.native.example.$(PRODUCT_NAME:rfc1034identifier)";
				PRODUCT_NAME = "$(TARGET_NAME)";
				TEST_HOST = "$(BUILT_PRODUCTS_DIR)/ReactNativeIntegration.app/ReactNativeIntegration";
			};
			name = Release;
		};
		13B07F941A680F5B00A75B9A /* Debug */ = {
			isa = XCBuildConfiguration;
			baseConfigurationReference = 01EBC91F169E2A0C4E0139A6 /* Pods-ReactNativeIntegration.debug.xcconfig */;
			buildSettings = {
				ALWAYS_EMBED_SWIFT_STANDARD_LIBRARIES = YES;
				ASSETCATALOG_COMPILER_APPICON_NAME = AppIcon;
				CLANG_ENABLE_MODULES = YES;
				CODE_SIGN_ENTITLEMENTS = ReactNativeIntegration/ReactNativeIntegration.entitlements;
				CURRENT_PROJECT_VERSION = 1;
				DEVELOPMENT_TEAM = 7XM67G79YA;
				ENABLE_BITCODE = NO;
				INFOPLIST_FILE = ReactNativeIntegration/Info.plist;
				LD_RUNPATH_SEARCH_PATHS = (
					"$(inherited)",
					"@executable_path/Frameworks",
				);
				OTHER_LDFLAGS = (
					"$(inherited)",
					"-ObjC",
					"-lc++",
				);
				PRODUCT_BUNDLE_IDENTIFIER = "com.deven.Clevertap-ios";
				PRODUCT_NAME = ReactNativeIntegration;
				SWIFT_OPTIMIZATION_LEVEL = "-Onone";
				SWIFT_VERSION = 5.0;
				VERSIONING_SYSTEM = "apple-generic";
			};
			name = Debug;
		};
		13B07F951A680F5B00A75B9A /* Release */ = {
			isa = XCBuildConfiguration;
			baseConfigurationReference = 1A56BC5103413ABAB3F0E3A8 /* Pods-ReactNativeIntegration.release.xcconfig */;
			buildSettings = {
				ALWAYS_EMBED_SWIFT_STANDARD_LIBRARIES = YES;
				ASSETCATALOG_COMPILER_APPICON_NAME = AppIcon;
				CLANG_ENABLE_MODULES = YES;
				CODE_SIGN_ENTITLEMENTS = ReactNativeIntegration/ReactNativeIntegration.entitlements;
				CURRENT_PROJECT_VERSION = 1;
				DEVELOPMENT_TEAM = 7XM67G79YA;
				INFOPLIST_FILE = ReactNativeIntegration/Info.plist;
				LD_RUNPATH_SEARCH_PATHS = (
					"$(inherited)",
					"@executable_path/Frameworks",
				);
				OTHER_LDFLAGS = (
					"$(inherited)",
					"-ObjC",
					"-lc++",
				);
				PRODUCT_BUNDLE_IDENTIFIER = "com.deven.Clevertap-ios";
				PRODUCT_NAME = ReactNativeIntegration;
				SWIFT_VERSION = 5.0;
				VERSIONING_SYSTEM = "apple-generic";
			};
			name = Release;
		};
		4E5490712A867F6E00E59229 /* Debug */ = {
			isa = XCBuildConfiguration;
			buildSettings = {
				CLANG_ANALYZER_NONNULL = YES;
				CLANG_ANALYZER_NUMBER_OBJECT_CONVERSION = YES_AGGRESSIVE;
				CLANG_CXX_LANGUAGE_STANDARD = "gnu++20";
				CLANG_ENABLE_OBJC_WEAK = YES;
				CLANG_WARN_DOCUMENTATION_COMMENTS = YES;
				CLANG_WARN_UNGUARDED_AVAILABILITY = YES_AGGRESSIVE;
				CODE_SIGN_ENTITLEMENTS = NotificationService/NotificationService.entitlements;
				CODE_SIGN_STYLE = Automatic;
				CURRENT_PROJECT_VERSION = 1;
				DEBUG_INFORMATION_FORMAT = dwarf;
				DEVELOPMENT_TEAM = 7XM67G79YA;
				GCC_C_LANGUAGE_STANDARD = gnu11;
				GENERATE_INFOPLIST_FILE = YES;
				INFOPLIST_FILE = NotificationService/Info.plist;
				INFOPLIST_KEY_CFBundleDisplayName = NotificationService;
				INFOPLIST_KEY_NSHumanReadableCopyright = "";
				IPHONEOS_DEPLOYMENT_TARGET = 16.4;
				LD_RUNPATH_SEARCH_PATHS = (
					"$(inherited)",
					"@executable_path/Frameworks",
					"@executable_path/../../Frameworks",
				);
				MARKETING_VERSION = 1.0;
				MTL_ENABLE_DEBUG_INFO = INCLUDE_SOURCE;
				MTL_FAST_MATH = YES;
				PRODUCT_BUNDLE_IDENTIFIER = "com.deven.Clevertap-ios.NotificationService";
				PRODUCT_NAME = "$(TARGET_NAME)";
				SKIP_INSTALL = YES;
				SWIFT_ACTIVE_COMPILATION_CONDITIONS = DEBUG;
				SWIFT_EMIT_LOC_STRINGS = YES;
				SWIFT_OPTIMIZATION_LEVEL = "-Onone";
				SWIFT_VERSION = 5.0;
				TARGETED_DEVICE_FAMILY = "1,2";
			};
			name = Debug;
		};
		4E5490722A867F6E00E59229 /* Release */ = {
			isa = XCBuildConfiguration;
			buildSettings = {
				CLANG_ANALYZER_NONNULL = YES;
				CLANG_ANALYZER_NUMBER_OBJECT_CONVERSION = YES_AGGRESSIVE;
				CLANG_CXX_LANGUAGE_STANDARD = "gnu++20";
				CLANG_ENABLE_OBJC_WEAK = YES;
				CLANG_WARN_DOCUMENTATION_COMMENTS = YES;
				CLANG_WARN_UNGUARDED_AVAILABILITY = YES_AGGRESSIVE;
				CODE_SIGN_ENTITLEMENTS = NotificationService/NotificationService.entitlements;
				CODE_SIGN_STYLE = Automatic;
				COPY_PHASE_STRIP = NO;
				CURRENT_PROJECT_VERSION = 1;
				DEBUG_INFORMATION_FORMAT = "dwarf-with-dsym";
				DEVELOPMENT_TEAM = 7XM67G79YA;
				GCC_C_LANGUAGE_STANDARD = gnu11;
				GENERATE_INFOPLIST_FILE = YES;
				INFOPLIST_FILE = NotificationService/Info.plist;
				INFOPLIST_KEY_CFBundleDisplayName = NotificationService;
				INFOPLIST_KEY_NSHumanReadableCopyright = "";
				IPHONEOS_DEPLOYMENT_TARGET = 16.4;
				LD_RUNPATH_SEARCH_PATHS = (
					"$(inherited)",
					"@executable_path/Frameworks",
					"@executable_path/../../Frameworks",
				);
				MARKETING_VERSION = 1.0;
				MTL_FAST_MATH = YES;
				PRODUCT_BUNDLE_IDENTIFIER = "com.deven.Clevertap-ios.NotificationService";
				PRODUCT_NAME = "$(TARGET_NAME)";
				SKIP_INSTALL = YES;
				SWIFT_COMPILATION_MODE = wholemodule;
				SWIFT_EMIT_LOC_STRINGS = YES;
				SWIFT_OPTIMIZATION_LEVEL = "-O";
				SWIFT_VERSION = 5.0;
				TARGETED_DEVICE_FAMILY = "1,2";
			};
			name = Release;
		};
		4E5CDC602A658C69008C51DC /* Debug */ = {
			isa = XCBuildConfiguration;
			baseConfigurationReference = A3B4359242952E1DA5DB9920 /* Pods-ReactNativeIntegration-NotificationContentDemo.debug.xcconfig */;
			buildSettings = {
				CLANG_ANALYZER_NONNULL = YES;
				CLANG_ANALYZER_NUMBER_OBJECT_CONVERSION = YES_AGGRESSIVE;
				CLANG_CXX_LANGUAGE_STANDARD = "gnu++20";
				CLANG_ENABLE_OBJC_WEAK = YES;
				CLANG_WARN_DOCUMENTATION_COMMENTS = YES;
				CLANG_WARN_UNGUARDED_AVAILABILITY = YES_AGGRESSIVE;
				CODE_SIGN_ENTITLEMENTS = NotificationContentDemo/NotificationContentDemo.entitlements;
				CODE_SIGN_STYLE = Automatic;
				CURRENT_PROJECT_VERSION = 1;
				DEBUG_INFORMATION_FORMAT = dwarf;
				DEVELOPMENT_TEAM = 7XM67G79YA;
				GCC_C_LANGUAGE_STANDARD = gnu11;
				GENERATE_INFOPLIST_FILE = YES;
				INFOPLIST_FILE = NotificationContentDemo/Info.plist;
				INFOPLIST_KEY_CFBundleDisplayName = NotificationContentDemo;
				INFOPLIST_KEY_NSHumanReadableCopyright = "";
				IPHONEOS_DEPLOYMENT_TARGET = 16.4;
				LD_RUNPATH_SEARCH_PATHS = (
					"$(inherited)",
					"@executable_path/Frameworks",
					"@executable_path/../../Frameworks",
				);
				MARKETING_VERSION = 1.0;
				MTL_ENABLE_DEBUG_INFO = INCLUDE_SOURCE;
				MTL_FAST_MATH = YES;
				PRODUCT_BUNDLE_IDENTIFIER = "com.deven.Clevertap-ios.NotificationContentDemo";
				PRODUCT_NAME = "$(TARGET_NAME)";
				SKIP_INSTALL = YES;
				SWIFT_EMIT_LOC_STRINGS = YES;
				TARGETED_DEVICE_FAMILY = "1,2";
			};
			name = Debug;
		};
		4E5CDC612A658C69008C51DC /* Release */ = {
			isa = XCBuildConfiguration;
			baseConfigurationReference = 3CBC0CDC73077B78951D5B55 /* Pods-ReactNativeIntegration-NotificationContentDemo.release.xcconfig */;
			buildSettings = {
				CLANG_ANALYZER_NONNULL = YES;
				CLANG_ANALYZER_NUMBER_OBJECT_CONVERSION = YES_AGGRESSIVE;
				CLANG_CXX_LANGUAGE_STANDARD = "gnu++20";
				CLANG_ENABLE_OBJC_WEAK = YES;
				CLANG_WARN_DOCUMENTATION_COMMENTS = YES;
				CLANG_WARN_UNGUARDED_AVAILABILITY = YES_AGGRESSIVE;
				CODE_SIGN_ENTITLEMENTS = NotificationContentDemo/NotificationContentDemo.entitlements;
				CODE_SIGN_STYLE = Automatic;
				COPY_PHASE_STRIP = NO;
				CURRENT_PROJECT_VERSION = 1;
				DEBUG_INFORMATION_FORMAT = "dwarf-with-dsym";
				DEVELOPMENT_TEAM = 7XM67G79YA;
				GCC_C_LANGUAGE_STANDARD = gnu11;
				GENERATE_INFOPLIST_FILE = YES;
				INFOPLIST_FILE = NotificationContentDemo/Info.plist;
				INFOPLIST_KEY_CFBundleDisplayName = NotificationContentDemo;
				INFOPLIST_KEY_NSHumanReadableCopyright = "";
				IPHONEOS_DEPLOYMENT_TARGET = 16.4;
				LD_RUNPATH_SEARCH_PATHS = (
					"$(inherited)",
					"@executable_path/Frameworks",
					"@executable_path/../../Frameworks",
				);
				MARKETING_VERSION = 1.0;
				MTL_FAST_MATH = YES;
				PRODUCT_BUNDLE_IDENTIFIER = "com.deven.Clevertap-ios.NotificationContentDemo";
				PRODUCT_NAME = "$(TARGET_NAME)";
				SKIP_INSTALL = YES;
				SWIFT_EMIT_LOC_STRINGS = YES;
				TARGETED_DEVICE_FAMILY = "1,2";
			};
			name = Release;
		};
		83CBBA201A601CBA00E9B192 /* Debug */ = {
			isa = XCBuildConfiguration;
			buildSettings = {
				ALWAYS_SEARCH_USER_PATHS = NO;
				CLANG_ANALYZER_LOCALIZABILITY_NONLOCALIZED = YES;
				CLANG_CXX_LANGUAGE_STANDARD = "gnu++0x";
				CLANG_CXX_LIBRARY = "libc++";
				CLANG_ENABLE_MODULES = YES;
				CLANG_ENABLE_OBJC_ARC = YES;
				CLANG_WARN_BLOCK_CAPTURE_AUTORELEASING = YES;
				CLANG_WARN_BOOL_CONVERSION = YES;
				CLANG_WARN_COMMA = YES;
				CLANG_WARN_CONSTANT_CONVERSION = YES;
				CLANG_WARN_DEPRECATED_OBJC_IMPLEMENTATIONS = YES;
				CLANG_WARN_DIRECT_OBJC_ISA_USAGE = YES_ERROR;
				CLANG_WARN_EMPTY_BODY = YES;
				CLANG_WARN_ENUM_CONVERSION = YES;
				CLANG_WARN_INFINITE_RECURSION = YES;
				CLANG_WARN_INT_CONVERSION = YES;
				CLANG_WARN_NON_LITERAL_NULL_CONVERSION = YES;
				CLANG_WARN_OBJC_IMPLICIT_RETAIN_SELF = YES;
				CLANG_WARN_OBJC_LITERAL_CONVERSION = YES;
				CLANG_WARN_OBJC_ROOT_CLASS = YES_ERROR;
				CLANG_WARN_QUOTED_INCLUDE_IN_FRAMEWORK_HEADER = YES;
				CLANG_WARN_RANGE_LOOP_ANALYSIS = YES;
				CLANG_WARN_STRICT_PROTOTYPES = YES;
				CLANG_WARN_SUSPICIOUS_MOVE = YES;
				CLANG_WARN_UNREACHABLE_CODE = YES;
				CLANG_WARN__DUPLICATE_METHOD_MATCH = YES;
				"CODE_SIGN_IDENTITY[sdk=iphoneos*]" = "iPhone Developer";
				COPY_PHASE_STRIP = NO;
				ENABLE_STRICT_OBJC_MSGSEND = YES;
				ENABLE_TESTABILITY = YES;
				"EXCLUDED_ARCHS[sdk=iphonesimulator*]" = "";
				GCC_C_LANGUAGE_STANDARD = gnu99;
				GCC_DYNAMIC_NO_PIC = NO;
				GCC_NO_COMMON_BLOCKS = YES;
				GCC_OPTIMIZATION_LEVEL = 0;
				GCC_PREPROCESSOR_DEFINITIONS = (
					"DEBUG=1",
					"$(inherited)",
				);
				GCC_SYMBOLS_PRIVATE_EXTERN = NO;
				GCC_WARN_64_TO_32_BIT_CONVERSION = YES;
				GCC_WARN_ABOUT_RETURN_TYPE = YES_ERROR;
				GCC_WARN_UNDECLARED_SELECTOR = YES;
				GCC_WARN_UNINITIALIZED_AUTOS = YES_AGGRESSIVE;
				GCC_WARN_UNUSED_FUNCTION = YES;
				GCC_WARN_UNUSED_VARIABLE = YES;
				IPHONEOS_DEPLOYMENT_TARGET = 11.0;
				LD_RUNPATH_SEARCH_PATHS = (
					/usr/lib/swift,
					"$(inherited)",
				);
				LIBRARY_SEARCH_PATHS = (
					"\"$(SDKROOT)/usr/lib/swift\"",
					"\"$(TOOLCHAIN_DIR)/usr/lib/swift/$(PLATFORM_NAME)\"",
					"\"$(inherited)\"",
				);
				MTL_ENABLE_DEBUG_INFO = YES;
				ONLY_ACTIVE_ARCH = YES;
				SDKROOT = iphoneos;
			};
			name = Debug;
		};
		83CBBA211A601CBA00E9B192 /* Release */ = {
			isa = XCBuildConfiguration;
			buildSettings = {
				ALWAYS_SEARCH_USER_PATHS = NO;
				CLANG_ANALYZER_LOCALIZABILITY_NONLOCALIZED = YES;
				CLANG_CXX_LANGUAGE_STANDARD = "gnu++0x";
				CLANG_CXX_LIBRARY = "libc++";
				CLANG_ENABLE_MODULES = YES;
				CLANG_ENABLE_OBJC_ARC = YES;
				CLANG_WARN_BLOCK_CAPTURE_AUTORELEASING = YES;
				CLANG_WARN_BOOL_CONVERSION = YES;
				CLANG_WARN_COMMA = YES;
				CLANG_WARN_CONSTANT_CONVERSION = YES;
				CLANG_WARN_DEPRECATED_OBJC_IMPLEMENTATIONS = YES;
				CLANG_WARN_DIRECT_OBJC_ISA_USAGE = YES_ERROR;
				CLANG_WARN_EMPTY_BODY = YES;
				CLANG_WARN_ENUM_CONVERSION = YES;
				CLANG_WARN_INFINITE_RECURSION = YES;
				CLANG_WARN_INT_CONVERSION = YES;
				CLANG_WARN_NON_LITERAL_NULL_CONVERSION = YES;
				CLANG_WARN_OBJC_IMPLICIT_RETAIN_SELF = YES;
				CLANG_WARN_OBJC_LITERAL_CONVERSION = YES;
				CLANG_WARN_OBJC_ROOT_CLASS = YES_ERROR;
				CLANG_WARN_QUOTED_INCLUDE_IN_FRAMEWORK_HEADER = YES;
				CLANG_WARN_RANGE_LOOP_ANALYSIS = YES;
				CLANG_WARN_STRICT_PROTOTYPES = YES;
				CLANG_WARN_SUSPICIOUS_MOVE = YES;
				CLANG_WARN_UNREACHABLE_CODE = YES;
				CLANG_WARN__DUPLICATE_METHOD_MATCH = YES;
				"CODE_SIGN_IDENTITY[sdk=iphoneos*]" = "iPhone Developer";
				COPY_PHASE_STRIP = YES;
				ENABLE_NS_ASSERTIONS = NO;
				ENABLE_STRICT_OBJC_MSGSEND = YES;
				"EXCLUDED_ARCHS[sdk=iphonesimulator*]" = "";
				GCC_C_LANGUAGE_STANDARD = gnu99;
				GCC_NO_COMMON_BLOCKS = YES;
				GCC_WARN_64_TO_32_BIT_CONVERSION = YES;
				GCC_WARN_ABOUT_RETURN_TYPE = YES_ERROR;
				GCC_WARN_UNDECLARED_SELECTOR = YES;
				GCC_WARN_UNINITIALIZED_AUTOS = YES_AGGRESSIVE;
				GCC_WARN_UNUSED_FUNCTION = YES;
				GCC_WARN_UNUSED_VARIABLE = YES;
				IPHONEOS_DEPLOYMENT_TARGET = 11.0;
				LD_RUNPATH_SEARCH_PATHS = (
					/usr/lib/swift,
					"$(inherited)",
				);
				LIBRARY_SEARCH_PATHS = (
					"\"$(SDKROOT)/usr/lib/swift\"",
					"\"$(TOOLCHAIN_DIR)/usr/lib/swift/$(PLATFORM_NAME)\"",
					"\"$(inherited)\"",
				);
				MTL_ENABLE_DEBUG_INFO = NO;
				SDKROOT = iphoneos;
				VALIDATE_PRODUCT = YES;
			};
			name = Release;
		};
/* End XCBuildConfiguration section */

/* Begin XCConfigurationList section */
		00E357021AD99517003FC87E /* Build configuration list for PBXNativeTarget "ReactNativeIntegrationTests" */ = {
			isa = XCConfigurationList;
			buildConfigurations = (
				00E356F61AD99517003FC87E /* Debug */,
				00E356F71AD99517003FC87E /* Release */,
			);
			defaultConfigurationIsVisible = 0;
			defaultConfigurationName = Release;
		};
		13B07F931A680F5B00A75B9A /* Build configuration list for PBXNativeTarget "ReactNativeIntegration" */ = {
			isa = XCConfigurationList;
			buildConfigurations = (
				13B07F941A680F5B00A75B9A /* Debug */,
				13B07F951A680F5B00A75B9A /* Release */,
			);
			defaultConfigurationIsVisible = 0;
			defaultConfigurationName = Release;
		};
		4E5490702A867F6E00E59229 /* Build configuration list for PBXNativeTarget "NotificationService" */ = {
			isa = XCConfigurationList;
			buildConfigurations = (
				4E5490712A867F6E00E59229 /* Debug */,
				4E5490722A867F6E00E59229 /* Release */,
			);
			defaultConfigurationIsVisible = 0;
			defaultConfigurationName = Release;
		};
		4E5CDC622A658C69008C51DC /* Build configuration list for PBXNativeTarget "NotificationContentDemo" */ = {
			isa = XCConfigurationList;
			buildConfigurations = (
				4E5CDC602A658C69008C51DC /* Debug */,
				4E5CDC612A658C69008C51DC /* Release */,
			);
			defaultConfigurationIsVisible = 0;
			defaultConfigurationName = Release;
		};
		83CBB9FA1A601CBA00E9B192 /* Build configuration list for PBXProject "ReactNativeIntegration" */ = {
			isa = XCConfigurationList;
			buildConfigurations = (
				83CBBA201A601CBA00E9B192 /* Debug */,
				83CBBA211A601CBA00E9B192 /* Release */,
			);
			defaultConfigurationIsVisible = 0;
			defaultConfigurationName = Release;
		};
/* End XCConfigurationList section */

/* Begin XCRemoteSwiftPackageReference section */
		4E0D791A2AE16E6A002F7CA3 /* XCRemoteSwiftPackageReference "CTNotificationService" */ = {
			isa = XCRemoteSwiftPackageReference;
			repositoryURL = "https://github.com/CleverTap/CTNotificationService.git";
			requirement = {
				kind = upToNextMajorVersion;
				minimumVersion = 0.1.5;
			};
		};
		4EED10C72A86833B00EFF316 /* XCRemoteSwiftPackageReference "clevertap-ios-sdk" */ = {
			isa = XCRemoteSwiftPackageReference;
			repositoryURL = "https://github.com/CleverTap/clevertap-ios-sdk";
			requirement = {
				kind = upToNextMajorVersion;
				minimumVersion = 5.0.0;
			};
		};
/* End XCRemoteSwiftPackageReference section */

/* Begin XCSwiftPackageProductDependency section */
		4E0D791B2AE16E6A002F7CA3 /* CTNotificationService */ = {
			isa = XCSwiftPackageProductDependency;
			package = 4E0D791A2AE16E6A002F7CA3 /* XCRemoteSwiftPackageReference "CTNotificationService" */;
			productName = CTNotificationService;
		};
		4EB836372ADFEC6A008964E3 /* CleverTapSDK */ = {
			isa = XCSwiftPackageProductDependency;
			package = 4EED10C72A86833B00EFF316 /* XCRemoteSwiftPackageReference "clevertap-ios-sdk" */;
			productName = CleverTapSDK;
		};
/* End XCSwiftPackageProductDependency section */
	};
	rootObject = 83CBB9F71A601CBA00E9B192 /* Project object */;
}
